
Microsoft Visual Studio Solution File, Format Version 12.00
# Visual Studio 15
VisualStudioVersion = 15.0.28010.2048
MinimumVisualStudioVersion = 10.0.40219.1
Project("{FAE04EC0-301F-11D3-BF4B-00C04F79EFBC}") = "Uge1Opgave3", "Uge1Opgave3\Uge1Opgave3.csproj", "{B11F6067-9A04-4866-AF3C-24A2D40BCEA1}"
EndProject
Global
	GlobalSection(SolutionConfigurationPlatforms) = preSolution
		Debug|Any CPU = Debug|Any CPU
		Release|Any CPU = Release|Any CPU
	EndGlobalSection
	GlobalSection(ProjectConfigurationPlatforms) = postSolution
		{B11F6067-9A04-4866-AF3C-24A2D40BCEA1}.Debug|Any CPU.ActiveCfg = Debug|Any CPU
		{B11F6067-9A04-4866-AF3C-24A2D40BCEA1}.Debug|Any CPU.Build.0 = Debug|Any CPU
		{B11F6067-9A04-4866-AF3C-24A2D40BCEA1}.Release|Any CPU.ActiveCfg = Release|Any CPU
		{B11F6067-9A04-4866-AF3C-24A2D40BCEA1}.Release|Any CPU.Build.0 = Release|Any CPU
	EndGlobalSection
	GlobalSection(SolutionProperties) = preSolution
		HideSolutionNode = FALSE
	EndGlobalSection
	GlobalSection(ExtensibilityGlobals) = postSolution
		SolutionGuid = {2A989BC5-C1DB-4A26-A6F8-E800D9017D0C}
	EndGlobalSection
EndGlobal
